// !$*UTF8*$!
{
	archiveVersion = 1;
	classes = {
	};
	objectVersion = 46;
	objects = {

/* Begin PBXBuildFile section */
		749A590F1A25CABF00A14A16 /* main.m in Sources */ = {isa = PBXBuildFile; fileRef = 749A590E1A25CABF00A14A16 /* main.m */; };
		749A59121A25CABF00A14A16 /* AppDelegate.m in Sources */ = {isa = PBXBuildFile; fileRef = 749A59111A25CABF00A14A16 /* AppDelegate.m */; };
		749A59151A25CABF00A14A16 /* ViewController.m in Sources */ = {isa = PBXBuildFile; fileRef = 749A59141A25CABF00A14A16 /* ViewController.m */; };
		749A59181A25CABF00A14A16 /* Main.storyboard in Resources */ = {isa = PBXBuildFile; fileRef = 749A59161A25CABF00A14A16 /* Main.storyboard */; };
		749A591A1A25CABF00A14A16 /* Images.xcassets in Resources */ = {isa = PBXBuildFile; fileRef = 749A59191A25CABF00A14A16 /* Images.xcassets */; };
		749A591D1A25CABF00A14A16 /* LaunchScreen.xib in Resources */ = {isa = PBXBuildFile; fileRef = 749A591B1A25CABF00A14A16 /* LaunchScreen.xib */; };
		749A59291A25CABF00A14A16 /* KVODemoTests.m in Sources */ = {isa = PBXBuildFile; fileRef = 749A59281A25CABF00A14A16 /* KVODemoTests.m */; };
		749A59341A25CEF500A14A16 /* DataModel.m in Sources */ = {isa = PBXBuildFile; fileRef = 749A59331A25CEF500A14A16 /* DataModel.m */; };
		749A59381A25D09600A14A16 /* Roboto-Medium.ttf in Resources */ = {isa = PBXBuildFile; fileRef = 749A59351A25D09600A14A16 /* Roboto-Medium.ttf */; };
		749A59391A25D09600A14A16 /* Roboto-Light.ttf in Resources */ = {isa = PBXBuildFile; fileRef = 749A59361A25D09600A14A16 /* Roboto-Light.ttf */; };
		749A593A1A25D09600A14A16 /* Roboto-Regular.ttf in Resources */ = {isa = PBXBuildFile; fileRef = 749A59371A25D09600A14A16 /* Roboto-Regular.ttf */; };
/* End PBXBuildFile section */

/* Begin PBXContainerItemProxy section */
		749A59231A25CABF00A14A16 /* PBXContainerItemProxy */ = {
			isa = PBXContainerItemProxy;
			containerPortal = 749A59011A25CABF00A14A16 /* Project object */;
			proxyType = 1;
			remoteGlobalIDString = 749A59081A25CABF00A14A16;
			remoteInfo = KVODemo;
		};
/* End PBXContainerItemProxy section */

/* Begin PBXFileReference section */
		749A59091A25CABF00A14A16 /* KVODemo.app */ = {isa = PBXFileReference; explicitFileType = wrapper.application; includeInIndex = 0; path = KVODemo.app; sourceTree = BUILT_PRODUCTS_DIR; };
		749A590D1A25CABF00A14A16 /* Info.plist */ = {isa = PBXFileReference; lastKnownFileType = text.plist.xml; path = Info.plist; sourceTree = "<group>"; };
		749A590E1A25CABF00A14A16 /* main.m */ = {isa = PBXFileReference; lastKnownFileType = sourcecode.c.objc; path = main.m; sourceTree = "<group>"; };
		749A59101A25CABF00A14A16 /* AppDelegate.h */ = {isa = PBXFileReference; lastKnownFileType = sourcecode.c.h; path = AppDelegate.h; sourceTree = "<group>"; };
		749A59111A25CABF00A14A16 /* AppDelegate.m */ = {isa = PBXFileReference; lastKnownFileType = sourcecode.c.objc; path = AppDelegate.m; sourceTree = "<group>"; };
		749A59131A25CABF00A14A16 /* ViewController.h */ = {isa = PBXFileReference; lastKnownFileType = sourcecode.c.h; path = ViewController.h; sourceTree = "<group>"; };
		749A59141A25CABF00A14A16 /* ViewController.m */ = {isa = PBXFileReference; lastKnownFileType = sourcecode.c.objc; path = ViewController.m; sourceTree = "<group>"; };
		749A59171A25CABF00A14A16 /* Base */ = {isa = PBXFileReference; lastKnownFileType = file.storyboard; name = Base; path = Base.lproj/Main.storyboard; sourceTree = "<group>"; };
		749A59191A25CABF00A14A16 /* Images.xcassets */ = {isa = PBXFileReference; lastKnownFileType = folder.assetcatalog; path = Images.xcassets; sourceTree = "<group>"; };
		749A591C1A25CABF00A14A16 /* Base */ = {isa = PBXFileReference; lastKnownFileType = file.xib; name = Base; path = Base.lproj/LaunchScreen.xib; sourceTree = "<group>"; };
		749A59221A25CABF00A14A16 /* KVODemoTests.xctest */ = {isa = PBXFileReference; explicitFileType = wrapper.cfbundle; includeInIndex = 0; path = KVODemoTests.xctest; sourceTree = BUILT_PRODUCTS_DIR; };
		749A59271A25CABF00A14A16 /* Info.plist */ = {isa = PBXFileReference; lastKnownFileType = text.plist.xml; path = Info.plist; sourceTree = "<group>"; };
		749A59281A25CABF00A14A16 /* KVODemoTests.m */ = {isa = PBXFileReference; lastKnownFileType = sourcecode.c.objc; path = KVODemoTests.m; sourceTree = "<group>"; };
		749A59321A25CEF500A14A16 /* DataModel.h */ = {isa = PBXFileReference; fileEncoding = 4; lastKnownFileType = sourcecode.c.h; path = DataModel.h; sourceTree = "<group>"; };
		749A59331A25CEF500A14A16 /* DataModel.m */ = {isa = PBXFileReference; fileEncoding = 4; lastKnownFileType = sourcecode.c.objc; path = DataModel.m; sourceTree = "<group>"; };
		749A59351A25D09600A14A16 /* Roboto-Medium.ttf */ = {isa = PBXFileReference; lastKnownFileType = file; path = "Roboto-Medium.ttf"; sourceTree = "<group>"; };
		749A59361A25D09600A14A16 /* Roboto-Light.ttf */ = {isa = PBXFileReference; lastKnownFileType = file; path = "Roboto-Light.ttf"; sourceTree = "<group>"; };
		749A59371A25D09600A14A16 /* Roboto-Regular.ttf */ = {isa = PBXFileReference; lastKnownFileType = file; path = "Roboto-Regular.ttf"; sourceTree = "<group>"; };
/* End PBXFileReference section */

/* Begin PBXFrameworksBuildPhase section */
		749A59061A25CABF00A14A16 /* Frameworks */ = {
			isa = PBXFrameworksBuildPhase;
			buildActionMask = 2147483647;
			files = (
			);
			runOnlyForDeploymentPostprocessing = 0;
		};
		749A591F1A25CABF00A14A16 /* Frameworks */ = {
			isa = PBXFrameworksBuildPhase;
			buildActionMask = 2147483647;
			files = (
			);
			runOnlyForDeploymentPostprocessing = 0;
		};
/* End PBXFrameworksBuildPhase section */

/* Begin PBXGroup section */
		749A59001A25CABF00A14A16 = {
			isa = PBXGroup;
			children = (
				749A590B1A25CABF00A14A16 /* KVODemo */,
				749A59251A25CABF00A14A16 /* KVODemoTests */,
				749A590A1A25CABF00A14A16 /* Products */,
			);
			sourceTree = "<group>";
		};
		749A590A1A25CABF00A14A16 /* Products */ = {
			isa = PBXGroup;
			children = (
				749A59091A25CABF00A14A16 /* KVODemo.app */,
				749A59221A25CABF00A14A16 /* KVODemoTests.xctest */,
			);
			name = Products;
			sourceTree = "<group>";
		};
		749A590B1A25CABF00A14A16 /* KVODemo */ = {
			isa = PBXGroup;
			children = (
				749A59351A25D09600A14A16 /* Roboto-Medium.ttf */,
				749A59361A25D09600A14A16 /* Roboto-Light.ttf */,
				749A59371A25D09600A14A16 /* Roboto-Regular.ttf */,
				749A59101A25CABF00A14A16 /* AppDelegate.h */,
				749A59111A25CABF00A14A16 /* AppDelegate.m */,
				749A59131A25CABF00A14A16 /* ViewController.h */,
				749A59141A25CABF00A14A16 /* ViewController.m */,
				749A59321A25CEF500A14A16 /* DataModel.h */,
				749A59331A25CEF500A14A16 /* DataModel.m */,
				749A59161A25CABF00A14A16 /* Main.storyboard */,
				749A59191A25CABF00A14A16 /* Images.xcassets */,
				749A591B1A25CABF00A14A16 /* LaunchScreen.xib */,
				749A590C1A25CABF00A14A16 /* Supporting Files */,
			);
			path = KVODemo;
			sourceTree = "<group>";
		};
		749A590C1A25CABF00A14A16 /* Supporting Files */ = {
			isa = PBXGroup;
			children = (
				749A590D1A25CABF00A14A16 /* Info.plist */,
				749A590E1A25CABF00A14A16 /* main.m */,
			);
			name = "Supporting Files";
			sourceTree = "<group>";
		};
		749A59251A25CABF00A14A16 /* KVODemoTests */ = {
			isa = PBXGroup;
			children = (
				749A59281A25CABF00A14A16 /* KVODemoTests.m */,
				749A59261A25CABF00A14A16 /* Supporting Files */,
			);
			path = KVODemoTests;
			sourceTree = "<group>";
		};
		749A59261A25CABF00A14A16 /* Supporting Files */ = {
			isa = PBXGroup;
			children = (
				749A59271A25CABF00A14A16 /* Info.plist */,
			);
			name = "Supporting Files";
			sourceTree = "<group>";
		};
/* End PBXGroup section */

/* Begin PBXNativeTarget section */
		749A59081A25CABF00A14A16 /* KVODemo */ = {
			isa = PBXNativeTarget;
			buildConfigurationList = 749A592C1A25CABF00A14A16 /* Build configuration list for PBXNativeTarget "KVODemo" */;
			buildPhases = (
				749A59051A25CABF00A14A16 /* Sources */,
				749A59061A25CABF00A14A16 /* Frameworks */,
				749A59071A25CABF00A14A16 /* Resources */,
			);
			buildRules = (
			);
			dependencies = (
			);
			name = KVODemo;
			productName = KVODemo;
			productReference = 749A59091A25CABF00A14A16 /* KVODemo.app */;
			productType = "com.apple.product-type.application";
		};
		749A59211A25CABF00A14A16 /* KVODemoTests */ = {
			isa = PBXNativeTarget;
			buildConfigurationList = 749A592F1A25CABF00A14A16 /* Build configuration list for PBXNativeTarget "KVODemoTests" */;
			buildPhases = (
				749A591E1A25CABF00A14A16 /* Sources */,
				749A591F1A25CABF00A14A16 /* Frameworks */,
				749A59201A25CABF00A14A16 /* Resources */,
			);
			buildRules = (
			);
			dependencies = (
				749A59241A25CABF00A14A16 /* PBXTargetDependency */,
			);
			name = KVODemoTests;
			productName = KVODemoTests;
			productReference = 749A59221A25CABF00A14A16 /* KVODemoTests.xctest */;
			productType = "com.apple.product-type.bundle.unit-test";
		};
/* End PBXNativeTarget section */

/* Begin PBXProject section */
		749A59011A25CABF00A14A16 /* Project object */ = {
			isa = PBXProject;
			attributes = {
				LastUpgradeCheck = 0610;
				ORGANIZATIONNAME = chen;
				TargetAttributes = {
					749A59081A25CABF00A14A16 = {
						CreatedOnToolsVersion = 6.1;
					};
					749A59211A25CABF00A14A16 = {
						CreatedOnToolsVersion = 6.1;
						TestTargetID = 749A59081A25CABF00A14A16;
					};
				};
			};
			buildConfigurationList = 749A59041A25CABF00A14A16 /* Build configuration list for PBXProject "KVODemo" */;
			compatibilityVersion = "Xcode 3.2";
			developmentRegion = English;
			hasScannedForEncodings = 0;
			knownRegions = (
				en,
				Base,
			);
			mainGroup = 749A59001A25CABF00A14A16;
			productRefGroup = 749A590A1A25CABF00A14A16 /* Products */;
			projectDirPath = "";
			projectRoot = "";
			targets = (
				749A59081A25CABF00A14A16 /* KVODemo */,
				749A59211A25CABF00A14A16 /* KVODemoTests */,
			);
		};
/* End PBXProject section */

/* Begin PBXResourcesBuildPhase section */
		749A59071A25CABF00A14A16 /* Resources */ = {
			isa = PBXResourcesBuildPhase;
			buildActionMask = 2147483647;
			files = (
				749A593A1A25D09600A14A16 /* Roboto-Regular.ttf in Resources */,
				749A59381A25D09600A14A16 /* Roboto-Medium.ttf in Resources */,
				749A59181A25CABF00A14A16 /* Main.storyboard in Resources */,
				749A59391A25D09600A14A16 /* Roboto-Light.ttf in Resources */,
				749A591D1A25CABF00A14A16 /* LaunchScreen.xib in Resources */,
				749A591A1A25CABF00A14A16 /* Images.xcassets in Resources */,
			);
			runOnlyForDeploymentPostprocessing = 0;
		};
		749A59201A25CABF00A14A16 /* Resources */ = {
			isa = PBXResourcesBuildPhase;
			buildActionMask = 2147483647;
			files = (
			);
			runOnlyForDeploymentPostprocessing = 0;
		};
/* End PBXResourcesBuildPhase section */

/* Begin PBXSourcesBuildPhase section */
		749A59051A25CABF00A14A16 /* Sources */ = {
			isa = PBXSourcesBuildPhase;
			buildActionMask = 2147483647;
			files = (
				749A59151A25CABF00A14A16 /* ViewController.m in Sources */,
				749A59341A25CEF500A14A16 /* DataModel.m in Sources */,
				749A59121A25CABF00A14A16 /* AppDelegate.m in Sources */,
				749A590F1A25CABF00A14A16 /* main.m in Sources */,
			);
			runOnlyForDeploymentPostprocessing = 0;
		};
		749A591E1A25CABF00A14A16 /* Sources */ = {
			isa = PBXSourcesBuildPhase;
			buildActionMask = 2147483647;
			files = (
				749A59291A25CABF00A14A16 /* KVODemoTests.m in Sources */,
			);
			runOnlyForDeploymentPostprocessing = 0;
		};
/* End PBXSourcesBuildPhase section */

/* Begin PBXTargetDependency section */
		749A59241A25CABF00A14A16 /* PBXTargetDependency */ = {
			isa = PBXTargetDependency;
			target = 749A59081A25CABF00A14A16 /* KVODemo */;
			targetProxy = 749A59231A25CABF00A14A16 /* PBXContainerItemProxy */;
		};
/* End PBXTargetDependency section */

/* Begin PBXVariantGroup section */
		749A59161A25CABF00A14A16 /* Main.storyboard */ = {
			isa = PBXVariantGroup;
			children = (
				749A59171A25CABF00A14A16 /* Base */,
			);
			name = Main.storyboard;
			sourceTree = "<group>";
		};
		749A591B1A25CABF00A14A16 /* LaunchScreen.xib */ = {
			isa = PBXVariantGroup;
			children = (
				749A591C1A25CABF00A14A16 /* Base */,
			);
			name = LaunchScreen.xib;
			sourceTree = "<group>";
		};
/* End PBXVariantGroup section */

/* Begin XCBuildConfiguration section */
		749A592A1A25CABF00A14A16 /* Debug */ = {
			isa = XCBuildConfiguration;
			buildSettings = {
				ALWAYS_SEARCH_USER_PATHS = NO;
				CLANG_CXX_LANGUAGE_STANDARD = "gnu++0x";
				CLANG_CXX_LIBRARY = "libc++";
				CLANG_ENABLE_MODULES = YES;
				CLANG_ENABLE_OBJC_ARC = YES;
				CLANG_WARN_BOOL_CONVERSION = YES;
				CLANG_WARN_CONSTANT_CONVERSION = YES;
				CLANG_WARN_DIRECT_OBJC_ISA_USAGE = YES_ERROR;
				CLANG_WARN_EMPTY_BODY = YES;
				CLANG_WARN_ENUM_CONVERSION = YES;
				CLANG_WARN_INT_CONVERSION = YES;
				CLANG_WARN_OBJC_ROOT_CLASS = YES_ERROR;
				CLANG_WARN_UNREACHABLE_CODE = YES;
				CLANG_WARN__DUPLICATE_METHOD_MATCH = YES;
				"CODE_SIGN_IDENTITY[sdk=iphoneos*]" = "iPhone Developer";
				COPY_PHASE_STRIP = NO;
				ENABLE_STRICT_OBJC_MSGSEND = YES;
				GCC_C_LANGUAGE_STANDARD = gnu99;
				GCC_DYNAMIC_NO_PIC = NO;
				GCC_OPTIMIZATION_LEVEL = 0;
				GCC_PREPROCESSOR_DEFINITIONS = (
					"DEBUG=1",
					"$(inherited)",
				);
				GCC_SYMBOLS_PRIVATE_EXTERN = NO;
				GCC_WARN_64_TO_32_BIT_CONVERSION = YES;
				GCC_WARN_ABOUT_RETURN_TYPE = YES_ERROR;
				GCC_WARN_UNDECLARED_SELECTOR = YES;
				GCC_WARN_UNINITIALIZED_AUTOS = YES_AGGRESSIVE;
				GCC_WARN_UNUSED_FUNCTION = YES;
				GCC_WARN_UNUSED_VARIABLE = YES;
				IPHONEOS_DEPLOYMENT_TARGET = 8.1;
				MTL_ENABLE_DEBUG_INFO = YES;
				ONLY_ACTIVE_ARCH = YES;
				SDKROOT = iphoneos;
				TARGETED_DEVICE_FAMILY = "1,2";
			};
			name = Debug;
		};
		749A592B1A25CABF00A14A16 /* Release */ = {
			isa = XCBuildConfiguration;
			buildSettings = {
				ALWAYS_SEARCH_USER_PATHS = NO;
				CLANG_CXX_LANGUAGE_STANDARD = "gnu++0x";
				CLANG_CXX_LIBRARY = "libc++";
				CLANG_ENABLE_MODULES = YES;
				CLANG_ENABLE_OBJC_ARC = YES;
				CLANG_WARN_BOOL_CONVERSION = YES;
				CLANG_WARN_CONSTANT_CONVERSION = YES;
				CLANG_WARN_DIRECT_OBJC_ISA_USAGE = YES_ERROR;
				CLANG_WARN_EMPTY_BODY = YES;
				CLANG_WARN_ENUM_CONVERSION = YES;
				CLANG_WARN_INT_CONVERSION = YES;
				CLANG_WARN_OBJC_ROOT_CLASS = YES_ERROR;
				CLANG_WARN_UNREACHABLE_CODE = YES;
				CLANG_WARN__DUPLICATE_METHOD_MATCH = YES;
				"CODE_SIGN_IDENTITY[sdk=iphoneos*]" = "iPhone Developer";
				COPY_PHASE_STRIP = YES;
				ENABLE_NS_ASSERTIONS = NO;
				ENABLE_STRICT_OBJC_MSGSEND = YES;
				GCC_C_LANGUAGE_STANDARD = gnu99;
				GCC_WARN_64_TO_32_BIT_CONVERSION = YES;
				GCC_WARN_ABOUT_RETURN_TYPE = YES_ERROR;
				GCC_WARN_UNDECLARED_SELECTOR = YES;
				GCC_WARN_UNINITIALIZED_AUTOS = YES_AGGRESSIVE;
				GCC_WARN_UNUSED_FUNCTION = YES;
				GCC_WARN_UNUSED_VARIABLE = YES;
				IPHONEOS_DEPLOYMENT_TARGET = 8.1;
				MTL_ENABLE_DEBUG_INFO = NO;
				SDKROOT = iphoneos;
				TARGETED_DEVICE_FAMILY = "1,2";
				VALIDATE_PRODUCT = YES;
			};
			name = Release;
		};
		749A592D1A25CABF00A14A16 /* Debug */ = {
			isa = XCBuildConfiguration;
			buildSettings = {
				ASSETCATALOG_COMPILER_APPICON_NAME = AppIcon;
				INFOPLIST_FILE = KVODemo/Info.plist;
				LD_RUNPATH_SEARCH_PATHS = "$(inherited) @executable_path/Frameworks";
				PRODUCT_NAME = "$(TARGET_NAME)";
			};
			name = Debug;
		};
		749A592E1A25CABF00A14A16 /* Release */ = {
			isa = XCBuildConfiguration;
			buildSettings = {
				ASSETCATALOG_COMPILER_APPICON_NAME = AppIcon;
				INFOPLIST_FILE = KVODemo/Info.plist;
				LD_RUNPATH_SEARCH_PATHS = "$(inherited) @executable_path/Frameworks";
				PRODUCT_NAME = "$(TARGET_NAME)";
			};
			name = Release;
		};
		749A59301A25CABF00A14A16 /* Debug */ = {
			isa = XCBuildConfiguration;
			buildSettings = {
				BUNDLE_LOADER = "$(TEST_HOST)";
				FRAMEWORK_SEARCH_PATHS = (
					"$(SDKROOT)/Developer/Library/Frameworks",
					"$(inherited)",
				);
				GCC_PREPROCESSOR_DEFINITIONS = (
					"DEBUG=1",
					"$(inherited)",
				);
				INFOPLIST_FILE = KVODemoTests/Info.plist;
				LD_RUNPATH_SEARCH_PATHS = "$(inherited) @executable_path/Frameworks @loader_path/Frameworks";
				PRODUCT_NAME = "$(TARGET_NAME)";
				TEST_HOST = "$(BUILT_PRODUCTS_DIR)/KVODemo.app/KVODemo";
			};
			name = Debug;
		};
		749A59311A25CABF00A14A16 /* Release */ = {
			isa = XCBuildConfiguration;
			buildSettings = {
				BUNDLE_LOADER = "$(TEST_HOST)";
				FRAMEWORK_SEARCH_PATHS = (
					"$(SDKROOT)/Developer/Library/Frameworks",
					"$(inherited)",
				);
				INFOPLIST_FILE = KVODemoTests/Info.plist;
				LD_RUNPATH_SEARCH_PATHS = "$(inherited) @executable_path/Frameworks @loader_path/Frameworks";
				PRODUCT_NAME = "$(TARGET_NAME)";
				TEST_HOST = "$(BUILT_PRODUCTS_DIR)/KVODemo.app/KVODemo";
			};
			name = Release;
		};
/* End XCBuildConfiguration section */

/* Begin XCConfigurationList section */
		749A59041A25CABF00A14A16 /* Build configuration list for PBXProject "KVODemo" */ = {
			isa = XCConfigurationList;
			buildConfigurations = (
				749A592A1A25CABF00A14A16 /* Debug */,
				749A592B1A25CABF00A14A16 /* Release */,
			);
			defaultConfigurationIsVisible = 0;
			defaultConfigurationName = Release;
		};
		749A592C1A25CABF00A14A16 /* Build configuration list for PBXNativeTarget "KVODemo" */ = {
			isa = XCConfigurationList;
			buildConfigurations = (
				749A592D1A25CABF00A14A16 /* Debug */,
				749A592E1A25CABF00A14A16 /* Release */,
			);
			defaultConfigurationIsVisible = 0;
			defaultConfigurationName = Release;
		};
		749A592F1A25CABF00A14A16 /* Build configuration list for PBXNativeTarget "KVODemoTests" */ = {
			isa = XCConfigurationList;
			buildConfigurations = (
				749A59301A25CABF00A14A16 /* Debug */,
				749A59311A25CABF00A14A16 /* Release */,
			);
			defaultConfigurationIsVisible = 0;
			defaultConfigurationName = Release;
		};
/* End XCConfigurationList section */
	};
	rootObject = 749A59011A25CABF00A14A16 /* Project object */;
}
